// !$*UTF8*$!
{
	archiveVersion = 1;
	classes = {
	};
	objectVersion = 51;
	objects = {

/* Begin PBXBuildFile section */
		78436CACED5859ED88C130BF /* Pods_Home_Mention.framework in Frameworks */ = {isa = PBXBuildFile; fileRef = 6FA42DFC5187B1AF530A26A0 /* Pods_Home_Mention.framework */; };
		8611574A2328760F00F0FEA4 /* TableViewController.swift in Sources */ = {isa = PBXBuildFile; fileRef = 861157492328760F00F0FEA4 /* TableViewController.swift */; };
		86D34A1E2324B4520050EAA7 /* NewReminderTableViewController.swift in Sources */ = {isa = PBXBuildFile; fileRef = 86D34A1D2324B4520050EAA7 /* NewReminderTableViewController.swift */; };
		86DD99EC2320D77C0061F152 /* AppDelegate.swift in Sources */ = {isa = PBXBuildFile; fileRef = 86DD99EB2320D77C0061F152 /* AppDelegate.swift */; };
		86DD99F12320D77C0061F152 /* Main.storyboard in Resources */ = {isa = PBXBuildFile; fileRef = 86DD99EF2320D77C0061F152 /* Main.storyboard */; };
		86DD99F32320D77E0061F152 /* Assets.xcassets in Resources */ = {isa = PBXBuildFile; fileRef = 86DD99F22320D77E0061F152 /* Assets.xcassets */; };
		86DD99F62320D77E0061F152 /* LaunchScreen.storyboard in Resources */ = {isa = PBXBuildFile; fileRef = 86DD99F42320D77E0061F152 /* LaunchScreen.storyboard */; };
		86DD9A022320E1840061F152 /* MainViewController.swift in Sources */ = {isa = PBXBuildFile; fileRef = 86DD9A012320E1840061F152 /* MainViewController.swift */; };
/* End PBXBuildFile section */

/* Begin PBXFileReference section */
		6252E0EEBE2F1A5A7D99C299 /* Pods-Home Mention.release.xcconfig */ = {isa = PBXFileReference; includeInIndex = 1; lastKnownFileType = text.xcconfig; name = "Pods-Home Mention.release.xcconfig"; path = "Target Support Files/Pods-Home Mention/Pods-Home Mention.release.xcconfig"; sourceTree = "<group>"; };
		6FA42DFC5187B1AF530A26A0 /* Pods_Home_Mention.framework */ = {isa = PBXFileReference; explicitFileType = wrapper.framework; includeInIndex = 0; path = Pods_Home_Mention.framework; sourceTree = BUILT_PRODUCTS_DIR; };
		861157492328760F00F0FEA4 /* TableViewController.swift */ = {isa = PBXFileReference; lastKnownFileType = sourcecode.swift; path = TableViewController.swift; sourceTree = "<group>"; };
		86D34A1D2324B4520050EAA7 /* NewReminderTableViewController.swift */ = {isa = PBXFileReference; lastKnownFileType = sourcecode.swift; path = NewReminderTableViewController.swift; sourceTree = "<group>"; };
		86DD99E82320D77C0061F152 /* Home Mention.app */ = {isa = PBXFileReference; explicitFileType = wrapper.application; includeInIndex = 0; path = "Home Mention.app"; sourceTree = BUILT_PRODUCTS_DIR; };
		86DD99EB2320D77C0061F152 /* AppDelegate.swift */ = {isa = PBXFileReference; lastKnownFileType = sourcecode.swift; path = AppDelegate.swift; sourceTree = "<group>"; };
		86DD99F02320D77C0061F152 /* Base */ = {isa = PBXFileReference; lastKnownFileType = file.storyboard; name = Base; path = Base.lproj/Main.storyboard; sourceTree = "<group>"; };
		86DD99F22320D77E0061F152 /* Assets.xcassets */ = {isa = PBXFileReference; lastKnownFileType = folder.assetcatalog; path = Assets.xcassets; sourceTree = "<group>"; };
		86DD99F52320D77E0061F152 /* Base */ = {isa = PBXFileReference; lastKnownFileType = file.storyboard; name = Base; path = Base.lproj/LaunchScreen.storyboard; sourceTree = "<group>"; };
		86DD99F72320D77E0061F152 /* Info.plist */ = {isa = PBXFileReference; lastKnownFileType = text.plist.xml; path = Info.plist; sourceTree = "<group>"; };
		86DD9A012320E1840061F152 /* MainViewController.swift */ = {isa = PBXFileReference; lastKnownFileType = sourcecode.swift; path = MainViewController.swift; sourceTree = "<group>"; };
		D16E8B14F084A3C86E1E84A2 /* Pods-Home Mention.debug.xcconfig */ = {isa = PBXFileReference; includeInIndex = 1; lastKnownFileType = text.xcconfig; name = "Pods-Home Mention.debug.xcconfig"; path = "Target Support Files/Pods-Home Mention/Pods-Home Mention.debug.xcconfig"; sourceTree = "<group>"; };
/* End PBXFileReference section */

/* Begin PBXFrameworksBuildPhase section */
		86DD99E52320D77C0061F152 /* Frameworks */ = {
			isa = PBXFrameworksBuildPhase;
			buildActionMask = 2147483647;
			files = (
				78436CACED5859ED88C130BF /* Pods_Home_Mention.framework in Frameworks */,
			);
			runOnlyForDeploymentPostprocessing = 0;
		};
/* End PBXFrameworksBuildPhase section */

/* Begin PBXGroup section */
		86DD99DF2320D77C0061F152 = {
			isa = PBXGroup;
			children = (
				86DD99EA2320D77C0061F152 /* Home Reminder */,
				86DD99E92320D77C0061F152 /* Products */,
				D038BC80C7D1F007F94EDA87 /* Pods */,
				A0AC5FEC8808E8C0504273FE /* Frameworks */,
			);
			sourceTree = "<group>";
		};
		86DD99E92320D77C0061F152 /* Products */ = {
			isa = PBXGroup;
			children = (
				86DD99E82320D77C0061F152 /* Home Mention.app */,
			);
			name = Products;
			sourceTree = "<group>";
		};
		86DD99EA2320D77C0061F152 /* Home Reminder */ = {
			isa = PBXGroup;
			children = (
				86DD99FD2320D78D0061F152 /* Model */,
				86DD99FF2320D7B00061F152 /* View */,
				86DD99FE2320D7950061F152 /* Controller */,
				86DD9A002320DE230061F152 /* Supporting file */,
			);
			path = "Home Reminder";
			sourceTree = "<group>";
		};
		86DD99FD2320D78D0061F152 /* Model */ = {
			isa = PBXGroup;
			children = (
			);
			path = Model;
			sourceTree = "<group>";
		};
		86DD99FE2320D7950061F152 /* Controller */ = {
			isa = PBXGroup;
			children = (
				86DD99EB2320D77C0061F152 /* AppDelegate.swift */,
				86D34A1D2324B4520050EAA7 /* NewReminderTableViewController.swift */,
				861157492328760F00F0FEA4 /* TableViewController.swift */,
				86DD9A012320E1840061F152 /* MainViewController.swift */,
			);
			path = Controller;
			sourceTree = "<group>";
		};
		86DD99FF2320D7B00061F152 /* View */ = {
			isa = PBXGroup;
			children = (
				86DD99EF2320D77C0061F152 /* Main.storyboard */,
				86DD99F42320D77E0061F152 /* LaunchScreen.storyboard */,
			);
			path = View;
			sourceTree = "<group>";
		};
		86DD9A002320DE230061F152 /* Supporting file */ = {
			isa = PBXGroup;
			children = (
				86DD99F22320D77E0061F152 /* Assets.xcassets */,
				86DD99F72320D77E0061F152 /* Info.plist */,
			);
			path = "Supporting file";
			sourceTree = "<group>";
		};
		A0AC5FEC8808E8C0504273FE /* Frameworks */ = {
			isa = PBXGroup;
			children = (
				6FA42DFC5187B1AF530A26A0 /* Pods_Home_Mention.framework */,
			);
			name = Frameworks;
			sourceTree = "<group>";
		};
		D038BC80C7D1F007F94EDA87 /* Pods */ = {
			isa = PBXGroup;
			children = (
				D16E8B14F084A3C86E1E84A2 /* Pods-Home Mention.debug.xcconfig */,
				6252E0EEBE2F1A5A7D99C299 /* Pods-Home Mention.release.xcconfig */,
			);
			path = Pods;
			sourceTree = "<group>";
		};
/* End PBXGroup section */

/* Begin PBXNativeTarget section */
		86DD99E72320D77C0061F152 /* Home Mention */ = {
			isa = PBXNativeTarget;
			buildConfigurationList = 86DD99FA2320D77E0061F152 /* Build configuration list for PBXNativeTarget "Home Mention" */;
			buildPhases = (
				BF24BB7A4DACD6521C846A76 /* [CP] Check Pods Manifest.lock */,
				86DD99E42320D77C0061F152 /* Sources */,
				86DD99E52320D77C0061F152 /* Frameworks */,
				86DD99E62320D77C0061F152 /* Resources */,
				43B906624D8FDC9A6197A16B /* [CP] Embed Pods Frameworks */,
			);
			buildRules = (
			);
			dependencies = (
			);
			name = "Home Mention";
			productName = "Home Mention";
			productReference = 86DD99E82320D77C0061F152 /* Home Mention.app */;
			productType = "com.apple.product-type.application";
		};
/* End PBXNativeTarget section */

/* Begin PBXProject section */
		86DD99E02320D77C0061F152 /* Project object */ = {
			isa = PBXProject;
			attributes = {
				LastSwiftUpdateCheck = 1030;
				LastUpgradeCheck = 1030;
				ORGANIZATIONNAME = "Vladislav Samelchuk";
				TargetAttributes = {
					86DD99E72320D77C0061F152 = {
						CreatedOnToolsVersion = 10.3;
					};
				};
			};
			buildConfigurationList = 86DD99E32320D77C0061F152 /* Build configuration list for PBXProject "Home Reminder" */;
			compatibilityVersion = "Xcode 9.3";
			developmentRegion = en;
			hasScannedForEncodings = 0;
			knownRegions = (
				en,
				Base,
			);
			mainGroup = 86DD99DF2320D77C0061F152;
			productRefGroup = 86DD99E92320D77C0061F152 /* Products */;
			projectDirPath = "";
			projectRoot = "";
			targets = (
				86DD99E72320D77C0061F152 /* Home Mention */,
			);
		};
/* End PBXProject section */

/* Begin PBXResourcesBuildPhase section */
		86DD99E62320D77C0061F152 /* Resources */ = {
			isa = PBXResourcesBuildPhase;
			buildActionMask = 2147483647;
			files = (
				86DD99F62320D77E0061F152 /* LaunchScreen.storyboard in Resources */,
				86DD99F32320D77E0061F152 /* Assets.xcassets in Resources */,
				86DD99F12320D77C0061F152 /* Main.storyboard in Resources */,
			);
			runOnlyForDeploymentPostprocessing = 0;
		};
/* End PBXResourcesBuildPhase section */

/* Begin PBXShellScriptBuildPhase section */
		43B906624D8FDC9A6197A16B /* [CP] Embed Pods Frameworks */ = {
			isa = PBXShellScriptBuildPhase;
			buildActionMask = 2147483647;
			files = (
			);
			inputFileListPaths = (
				"${PODS_ROOT}/Target Support Files/Pods-Home Mention/Pods-Home Mention-frameworks-${CONFIGURATION}-input-files.xcfilelist",
			);
			name = "[CP] Embed Pods Frameworks";
			outputFileListPaths = (
				"${PODS_ROOT}/Target Support Files/Pods-Home Mention/Pods-Home Mention-frameworks-${CONFIGURATION}-output-files.xcfilelist",
			);
			runOnlyForDeploymentPostprocessing = 0;
			shellPath = /bin/sh;
			shellScript = "\"${PODS_ROOT}/Target Support Files/Pods-Home Mention/Pods-Home Mention-frameworks.sh\"\n";
			showEnvVarsInLog = 0;
		};
		BF24BB7A4DACD6521C846A76 /* [CP] Check Pods Manifest.lock */ = {
			isa = PBXShellScriptBuildPhase;
			buildActionMask = 2147483647;
			files = (
			);
			inputFileListPaths = (
			);
			inputPaths = (
				"${PODS_PODFILE_DIR_PATH}/Podfile.lock",
				"${PODS_ROOT}/Manifest.lock",
			);
			name = "[CP] Check Pods Manifest.lock";
			outputFileListPaths = (
			);
			outputPaths = (
				"$(DERIVED_FILE_DIR)/Pods-Home Mention-checkManifestLockResult.txt",
			);
			runOnlyForDeploymentPostprocessing = 0;
			shellPath = /bin/sh;
			shellScript = "diff \"${PODS_PODFILE_DIR_PATH}/Podfile.lock\" \"${PODS_ROOT}/Manifest.lock\" > /dev/null\nif [ $? != 0 ] ; then\n    # print error to STDERR\n    echo \"error: The sandbox is not in sync with the Podfile.lock. Run 'pod install' or update your CocoaPods installation.\" >&2\n    exit 1\nfi\n# This output is used by Xcode 'outputs' to avoid re-running this script phase.\necho \"SUCCESS\" > \"${SCRIPT_OUTPUT_FILE_0}\"\n";
			showEnvVarsInLog = 0;
		};
/* End PBXShellScriptBuildPhase section */

/* Begin PBXSourcesBuildPhase section */
		86DD99E42320D77C0061F152 /* Sources */ = {
			isa = PBXSourcesBuildPhase;
			buildActionMask = 2147483647;
			files = (
				86DD99EC2320D77C0061F152 /* AppDelegate.swift in Sources */,
				86D34A1E2324B4520050EAA7 /* NewReminderTableViewController.swift in Sources */,
				86DD9A022320E1840061F152 /* MainViewController.swift in Sources */,
				8611574A2328760F00F0FEA4 /* TableViewController.swift in Sources */,
			);
			runOnlyForDeploymentPostprocessing = 0;
		};
/* End PBXSourcesBuildPhase section */

/* Begin PBXVariantGroup section */
		86DD99EF2320D77C0061F152 /* Main.storyboard */ = {
			isa = PBXVariantGroup;
			children = (
				86DD99F02320D77C0061F152 /* Base */,
			);
			name = Main.storyboard;
			sourceTree = "<group>";
		};
		86DD99F42320D77E0061F152 /* LaunchScreen.storyboard */ = {
			isa = PBXVariantGroup;
			children = (
				86DD99F52320D77E0061F152 /* Base */,
			);
			name = LaunchScreen.storyboard;
			sourceTree = "<group>";
		};
/* End PBXVariantGroup section */

/* Begin XCBuildConfiguration section */
		86DD99F82320D77E0061F152 /* Debug */ = {
			isa = XCBuildConfiguration;
			buildSettings = {
				ALWAYS_SEARCH_USER_PATHS = NO;
				CLANG_ANALYZER_NONNULL = YES;
				CLANG_ANALYZER_NUMBER_OBJECT_CONVERSION = YES_AGGRESSIVE;
				CLANG_CXX_LANGUAGE_STANDARD = "gnu++14";
				CLANG_CXX_LIBRARY = "libc++";
				CLANG_ENABLE_MODULES = YES;
				CLANG_ENABLE_OBJC_ARC = YES;
				CLANG_ENABLE_OBJC_WEAK = YES;
				CLANG_WARN_BLOCK_CAPTURE_AUTORELEASING = YES;
				CLANG_WARN_BOOL_CONVERSION = YES;
				CLANG_WARN_COMMA = YES;
				CLANG_WARN_CONSTANT_CONVERSION = YES;
				CLANG_WARN_DEPRECATED_OBJC_IMPLEMENTATIONS = YES;
				CLANG_WARN_DIRECT_OBJC_ISA_USAGE = YES_ERROR;
				CLANG_WARN_DOCUMENTATION_COMMENTS = YES;
				CLANG_WARN_EMPTY_BODY = YES;
				CLANG_WARN_ENUM_CONVERSION = YES;
				CLANG_WARN_INFINITE_RECURSION = YES;
				CLANG_WARN_INT_CONVERSION = YES;
				CLANG_WARN_NON_LITERAL_NULL_CONVERSION = YES;
				CLANG_WARN_OBJC_IMPLICIT_RETAIN_SELF = YES;
				CLANG_WARN_OBJC_LITERAL_CONVERSION = YES;
				CLANG_WARN_OBJC_ROOT_CLASS = YES_ERROR;
				CLANG_WARN_RANGE_LOOP_ANALYSIS = YES;
				CLANG_WARN_STRICT_PROTOTYPES = YES;
				CLANG_WARN_SUSPICIOUS_MOVE = YES;
				CLANG_WARN_UNGUARDED_AVAILABILITY = YES_AGGRESSIVE;
				CLANG_WARN_UNREACHABLE_CODE = YES;
				CLANG_WARN__DUPLICATE_METHOD_MATCH = YES;
				CODE_SIGN_IDENTITY = "iPhone Developer";
				COPY_PHASE_STRIP = NO;
				DEBUG_INFORMATION_FORMAT = dwarf;
				ENABLE_STRICT_OBJC_MSGSEND = YES;
				ENABLE_TESTABILITY = YES;
				GCC_C_LANGUAGE_STANDARD = gnu11;
				GCC_DYNAMIC_NO_PIC = NO;
				GCC_NO_COMMON_BLOCKS = YES;
				GCC_OPTIMIZATION_LEVEL = 0;
				GCC_PREPROCESSOR_DEFINITIONS = (
					"DEBUG=1",
					"$(inherited)",
				);
				GCC_WARN_64_TO_32_BIT_CONVERSION = YES;
				GCC_WARN_ABOUT_RETURN_TYPE = YES_ERROR;
				GCC_WARN_UNDECLARED_SELECTOR = YES;
				GCC_WARN_UNINITIALIZED_AUTOS = YES_AGGRESSIVE;
				GCC_WARN_UNUSED_FUNCTION = YES;
				GCC_WARN_UNUSED_VARIABLE = YES;
				IPHONEOS_DEPLOYMENT_TARGET = 12.4;
				MTL_ENABLE_DEBUG_INFO = INCLUDE_SOURCE;
				MTL_FAST_MATH = YES;
				ONLY_ACTIVE_ARCH = YES;
				SDKROOT = iphoneos;
				SWIFT_ACTIVE_COMPILATION_CONDITIONS = DEBUG;
				SWIFT_OPTIMIZATION_LEVEL = "-Onone";
			};
			name = Debug;
		};
		86DD99F92320D77E0061F152 /* Release */ = {
			isa = XCBuildConfiguration;
			buildSettings = {
				ALWAYS_SEARCH_USER_PATHS = NO;
				CLANG_ANALYZER_NONNULL = YES;
				CLANG_ANALYZER_NUMBER_OBJECT_CONVERSION = YES_AGGRESSIVE;
				CLANG_CXX_LANGUAGE_STANDARD = "gnu++14";
				CLANG_CXX_LIBRARY = "libc++";
				CLANG_ENABLE_MODULES = YES;
				CLANG_ENABLE_OBJC_ARC = YES;
				CLANG_ENABLE_OBJC_WEAK = YES;
				CLANG_WARN_BLOCK_CAPTURE_AUTORELEASING = YES;
				CLANG_WARN_BOOL_CONVERSION = YES;
				CLANG_WARN_COMMA = YES;
				CLANG_WARN_CONSTANT_CONVERSION = YES;
				CLANG_WARN_DEPRECATED_OBJC_IMPLEMENTATIONS = YES;
				CLANG_WARN_DIRECT_OBJC_ISA_USAGE = YES_ERROR;
				CLANG_WARN_DOCUMENTATION_COMMENTS = YES;
				CLANG_WARN_EMPTY_BODY = YES;
				CLANG_WARN_ENUM_CONVERSION = YES;
				CLANG_WARN_INFINITE_RECURSION = YES;
				CLANG_WARN_INT_CONVERSION = YES;
				CLANG_WARN_NON_LITERAL_NULL_CONVERSION = YES;
				CLANG_WARN_OBJC_IMPLICIT_RETAIN_SELF = YES;
				CLANG_WARN_OBJC_LITERAL_CONVERSION = YES;
				CLANG_WARN_OBJC_ROOT_CLASS = YES_ERROR;
				CLANG_WARN_RANGE_LOOP_ANALYSIS = YES;
				CLANG_WARN_STRICT_PROTOTYPES = YES;
				CLANG_WARN_SUSPICIOUS_MOVE = YES;
				CLANG_WARN_UNGUARDED_AVAILABILITY = YES_AGGRESSIVE;
				CLANG_WARN_UNREACHABLE_CODE = YES;
				CLANG_WARN__DUPLICATE_METHOD_MATCH = YES;
				CODE_SIGN_IDENTITY = "iPhone Developer";
				COPY_PHASE_STRIP = NO;
				DEBUG_INFORMATION_FORMAT = "dwarf-with-dsym";
				ENABLE_NS_ASSERTIONS = NO;
				ENABLE_STRICT_OBJC_MSGSEND = YES;
				GCC_C_LANGUAGE_STANDARD = gnu11;
				GCC_NO_COMMON_BLOCKS = YES;
				GCC_WARN_64_TO_32_BIT_CONVERSION = YES;
				GCC_WARN_ABOUT_RETURN_TYPE = YES_ERROR;
				GCC_WARN_UNDECLARED_SELECTOR = YES;
				GCC_WARN_UNINITIALIZED_AUTOS = YES_AGGRESSIVE;
				GCC_WARN_UNUSED_FUNCTION = YES;
				GCC_WARN_UNUSED_VARIABLE = YES;
				IPHONEOS_DEPLOYMENT_TARGET = 12.4;
				MTL_ENABLE_DEBUG_INFO = NO;
				MTL_FAST_MATH = YES;
				SDKROOT = iphoneos;
				SWIFT_COMPILATION_MODE = wholemodule;
				SWIFT_OPTIMIZATION_LEVEL = "-O";
				VALIDATE_PRODUCT = YES;
			};
			name = Release;
		};
		86DD99FB2320D77E0061F152 /* Debug */ = {
			isa = XCBuildConfiguration;
			baseConfigurationReference = D16E8B14F084A3C86E1E84A2 /* Pods-Home Mention.debug.xcconfig */;
			buildSettings = {
				ASSETCATALOG_COMPILER_APPICON_NAME = AppIcon;
				CODE_SIGN_STYLE = Automatic;
				INFOPLIST_FILE = "$(SRCROOT)/Home Reminder/Supporting file/Info.plist";
				LD_RUNPATH_SEARCH_PATHS = (
					"$(inherited)",
					"@executable_path/Frameworks",
				);
				PRODUCT_BUNDLE_IDENTIFIER = "vladislavSamelchuk.Home-Reminder";
				PRODUCT_NAME = "$(TARGET_NAME)";
				SWIFT_VERSION = 5.0;
				TARGETED_DEVICE_FAMILY = "1,2";
			};
			name = Debug;
		};
		86DD99FC2320D77E0061F152 /* Release */ = {
			isa = XCBuildConfiguration;
			baseConfigurationReference = 6252E0EEBE2F1A5A7D99C299 /* Pods-Home Mention.release.xcconfig */;
			buildSettings = {
				ASSETCATALOG_COMPILER_APPICON_NAME = AppIcon;
				CODE_SIGN_STYLE = Automatic;
				INFOPLIST_FILE = "$(SRCROOT)/Home Reminder/Supporting file/Info.plist";
				LD_RUNPATH_SEARCH_PATHS = (
					"$(inherited)",
					"@executable_path/Frameworks",
				);
				PRODUCT_BUNDLE_IDENTIFIER = "vladislavSamelchuk.Home-Reminder";
				PRODUCT_NAME = "$(TARGET_NAME)";
				SWIFT_VERSION = 5.0;
				TARGETED_DEVICE_FAMILY = "1,2";
			};
			name = Release;
		};
/* End XCBuildConfiguration section */

/* Begin XCConfigurationList section */
		86DD99E32320D77C0061F152 /* Build configuration list for PBXProject "Home Reminder" */ = {
			isa = XCConfigurationList;
			buildConfigurations = (
				86DD99F82320D77E0061F152 /* Debug */,
				86DD99F92320D77E0061F152 /* Release */,
			);
			defaultConfigurationIsVisible = 0;
			defaultConfigurationName = Release;
		};
		86DD99FA2320D77E0061F152 /* Build configuration list for PBXNativeTarget "Home Mention" */ = {
			isa = XCConfigurationList;
			buildConfigurations = (
				86DD99FB2320D77E0061F152 /* Debug */,
				86DD99FC2320D77E0061F152 /* Release */,
			);
			defaultConfigurationIsVisible = 0;
			defaultConfigurationName = Release;
		};
/* End XCConfigurationList section */
	};
	rootObject = 86DD99E02320D77C0061F152 /* Project object */;
}
